
Microsoft Visual Studio Solution File, Format Version 12.00
# Visual Studio 15
VisualStudioVersion = 15.0.28307.852
MinimumVisualStudioVersion = 10.0.40219.1
Project("{FAE04EC0-301F-11D3-BF4B-00C04F79EFBC}") = "Explorer", "Explorer\Explorer.csproj", "{55BCD72C-F85B-40E4-99C1-C373F12BCF80}"
EndProject
Global
	GlobalSection(SolutionConfigurationPlatforms) = preSolution
		Debug|Any CPU = Debug|Any CPU
		Release|Any CPU = Release|Any CPU
	EndGlobalSection
	GlobalSection(ProjectConfigurationPlatforms) = postSolution
		{55BCD72C-F85B-40E4-99C1-C373F12BCF80}.Debug|Any CPU.ActiveCfg = Debug|Any CPU
		{55BCD72C-F85B-40E4-99C1-C373F12BCF80}.Debug|Any CPU.Build.0 = Debug|Any CPU
		{55BCD72C-F85B-40E4-99C1-C373F12BCF80}.Release|Any CPU.ActiveCfg = Release|Any CPU
		{55BCD72C-F85B-40E4-99C1-C373F12BCF80}.Release|Any CPU.Build.0 = Release|Any CPU
	EndGlobalSection
	GlobalSection(SolutionProperties) = preSolution
		HideSolutionNode = FALSE
	EndGlobalSection
	GlobalSection(ExtensibilityGlobals) = postSolution
		SolutionGuid = {E7A889F0-E13D-40F8-97B1-F80E3CD66E56}
	EndGlobalSection
EndGlobal
